
Microsoft Visual Studio Solution File, Format Version 12.00
# Visual Studio 15
VisualStudioVersion = 15.0.28307.572
MinimumVisualStudioVersion = 10.0.40219.1
Project("{9A19103F-16F7-4668-BE54-9A1E7A4F7556}") = "FitnessApp", "FitnessApp\FitnessApp.csproj", "{07198683-1A43-42FD-8A42-C02CC015D998}"
EndProject
Global
	GlobalSection(SolutionConfigurationPlatforms) = preSolution
		Debug|Any CPU = Debug|Any CPU
		Release|Any CPU = Release|Any CPU
	EndGlobalSection
	GlobalSection(ProjectConfigurationPlatforms) = postSolution
		{07198683-1A43-42FD-8A42-C02CC015D998}.Debug|Any CPU.ActiveCfg = Debug|Any CPU
		{07198683-1A43-42FD-8A42-C02CC015D998}.Debug|Any CPU.Build.0 = Debug|Any CPU
		{07198683-1A43-42FD-8A42-C02CC015D998}.Release|Any CPU.ActiveCfg = Release|Any CPU
		{07198683-1A43-42FD-8A42-C02CC015D998}.Release|Any CPU.Build.0 = Release|Any CPU
	EndGlobalSection
	GlobalSection(SolutionProperties) = preSolution
		HideSolutionNode = FALSE
	EndGlobalSection
	GlobalSection(ExtensibilityGlobals) = postSolution
		SolutionGuid = {B48B8F2E-3ECC-4C65-A996-25040A93D4F4}
	EndGlobalSection
EndGlobal
